
Microsoft Visual Studio Solution File, Format Version 12.00
# Visual Studio Version 16
VisualStudioVersion = 16.0.30011.22
MinimumVisualStudioVersion = 10.0.40219.1
Project("{2150E333-8FDC-42A3-9474-1A3956D46DE8}") = "App", "App", "{E1369817-AC9B-4D7C-A6C1-77B0A7AB07E1}"
EndProject
Project("{2150E333-8FDC-42A3-9474-1A3956D46DE8}") = "Core", "Core", "{FF03921C-5825-4154-A82E-A7CDCD1F65F9}"
EndProject
Project("{2150E333-8FDC-42A3-9474-1A3956D46DE8}") = "Data", "Data", "{6D51FC51-BEE5-4C22-B3D3-17BF5EDDD864}"
EndProject
Project("{9A19103F-16F7-4668-BE54-9A1E7A4F7556}") = "MiniBlog.App.ManageUI", "MiniBlog.App.ManageUI\MiniBlog.App.ManageUI.csproj", "{9817BC6C-5014-4EA8-84EC-78C476439761}"
EndProject
Project("{9A19103F-16F7-4668-BE54-9A1E7A4F7556}") = "MiniBlog.App.UI", "MiniBlog.App.UI\MiniBlog.App.UI.csproj", "{15BDC2EF-F881-4CBC-8AC1-DD72BA625410}"
EndProject
Project("{9A19103F-16F7-4668-BE54-9A1E7A4F7556}") = "MiniBlog.Core.IService", "MiniBlog.Core.IService\MiniBlog.Core.IService.csproj", "{BF2914F8-9649-4BF6-A098-3E5942B79B5C}"
EndProject
Project("{9A19103F-16F7-4668-BE54-9A1E7A4F7556}") = "MiniBlog.Core.Service", "MiniBlog.Core.Service\MiniBlog.Core.Service.csproj", "{85B2D323-8412-49B1-9081-70A0C0C48051}"
EndProject
Project("{9A19103F-16F7-4668-BE54-9A1E7A4F7556}") = "MiniBlog.Core.Plugin", "MiniBlog.Core.Plugin\MiniBlog.Core.Plugin.csproj", "{BB8FB886-F986-4BF9-A4BE-5814E0343E78}"
EndProject
Project("{9A19103F-16F7-4668-BE54-9A1E7A4F7556}") = "MiniBlog.Core.ViewModels", "MiniBlog.Core.ViewModels\MiniBlog.Core.ViewModels.csproj", "{D5AE84AE-455C-40E5-9F1E-E15C6C559BC0}"
EndProject
Project("{9A19103F-16F7-4668-BE54-9A1E7A4F7556}") = "MiniBlog.Data.Dto", "MiniBlog.Data.Dto\MiniBlog.Data.Dto.csproj", "{77413BFD-890B-4DB8-B847-7BD2F50B291B}"
EndProject
Project("{9A19103F-16F7-4668-BE54-9A1E7A4F7556}") = "MiniBlog.Data.IData", "MiniBlog.Data.IData\MiniBlog.Data.IData.csproj", "{20D1A0C8-7407-4331-80A7-9B9C07CDDDFD}"
EndProject
Global
	GlobalSection(SolutionConfigurationPlatforms) = preSolution
		Debug|Any CPU = Debug|Any CPU
		Release|Any CPU = Release|Any CPU
	EndGlobalSection
	GlobalSection(ProjectConfigurationPlatforms) = postSolution
		{9817BC6C-5014-4EA8-84EC-78C476439761}.Debug|Any CPU.ActiveCfg = Debug|Any CPU
		{9817BC6C-5014-4EA8-84EC-78C476439761}.Debug|Any CPU.Build.0 = Debug|Any CPU
		{9817BC6C-5014-4EA8-84EC-78C476439761}.Release|Any CPU.ActiveCfg = Release|Any CPU
		{9817BC6C-5014-4EA8-84EC-78C476439761}.Release|Any CPU.Build.0 = Release|Any CPU
		{15BDC2EF-F881-4CBC-8AC1-DD72BA625410}.Debug|Any CPU.ActiveCfg = Debug|Any CPU
		{15BDC2EF-F881-4CBC-8AC1-DD72BA625410}.Debug|Any CPU.Build.0 = Debug|Any CPU
		{15BDC2EF-F881-4CBC-8AC1-DD72BA625410}.Release|Any CPU.ActiveCfg = Release|Any CPU
		{15BDC2EF-F881-4CBC-8AC1-DD72BA625410}.Release|Any CPU.Build.0 = Release|Any CPU
		{BF2914F8-9649-4BF6-A098-3E5942B79B5C}.Debug|Any CPU.ActiveCfg = Debug|Any CPU
		{BF2914F8-9649-4BF6-A098-3E5942B79B5C}.Debug|Any CPU.Build.0 = Debug|Any CPU
		{BF2914F8-9649-4BF6-A098-3E5942B79B5C}.Release|Any CPU.ActiveCfg = Release|Any CPU
		{BF2914F8-9649-4BF6-A098-3E5942B79B5C}.Release|Any CPU.Build.0 = Release|Any CPU
		{85B2D323-8412-49B1-9081-70A0C0C48051}.Debug|Any CPU.ActiveCfg = Debug|Any CPU
		{85B2D323-8412-49B1-9081-70A0C0C48051}.Debug|Any CPU.Build.0 = Debug|Any CPU
		{85B2D323-8412-49B1-9081-70A0C0C48051}.Release|Any CPU.ActiveCfg = Release|Any CPU
		{85B2D323-8412-49B1-9081-70A0C0C48051}.Release|Any CPU.Build.0 = Release|Any CPU
		{BB8FB886-F986-4BF9-A4BE-5814E0343E78}.Debug|Any CPU.ActiveCfg = Debug|Any CPU
		{BB8FB886-F986-4BF9-A4BE-5814E0343E78}.Debug|Any CPU.Build.0 = Debug|Any CPU
		{BB8FB886-F986-4BF9-A4BE-5814E0343E78}.Release|Any CPU.ActiveCfg = Release|Any CPU
		{BB8FB886-F986-4BF9-A4BE-5814E0343E78}.Release|Any CPU.Build.0 = Release|Any CPU
		{D5AE84AE-455C-40E5-9F1E-E15C6C559BC0}.Debug|Any CPU.ActiveCfg = Debug|Any CPU
		{D5AE84AE-455C-40E5-9F1E-E15C6C559BC0}.Debug|Any CPU.Build.0 = Debug|Any CPU
		{D5AE84AE-455C-40E5-9F1E-E15C6C559BC0}.Release|Any CPU.ActiveCfg = Release|Any CPU
		{D5AE84AE-455C-40E5-9F1E-E15C6C559BC0}.Release|Any CPU.Build.0 = Release|Any CPU
		{77413BFD-890B-4DB8-B847-7BD2F50B291B}.Debug|Any CPU.ActiveCfg = Debug|Any CPU
		{77413BFD-890B-4DB8-B847-7BD2F50B291B}.Debug|Any CPU.Build.0 = Debug|Any CPU
		{77413BFD-890B-4DB8-B847-7BD2F50B291B}.Release|Any CPU.ActiveCfg = Release|Any CPU
		{77413BFD-890B-4DB8-B847-7BD2F50B291B}.Release|Any CPU.Build.0 = Release|Any CPU
		{20D1A0C8-7407-4331-80A7-9B9C07CDDDFD}.Debug|Any CPU.ActiveCfg = Debug|Any CPU
		{20D1A0C8-7407-4331-80A7-9B9C07CDDDFD}.Debug|Any CPU.Build.0 = Debug|Any CPU
		{20D1A0C8-7407-4331-80A7-9B9C07CDDDFD}.Release|Any CPU.ActiveCfg = Release|Any CPU
		{20D1A0C8-7407-4331-80A7-9B9C07CDDDFD}.Release|Any CPU.Build.0 = Release|Any CPU
	EndGlobalSection
	GlobalSection(SolutionProperties) = preSolution
		HideSolutionNode = FALSE
	EndGlobalSection
	GlobalSection(NestedProjects) = preSolution
		{9817BC6C-5014-4EA8-84EC-78C476439761} = {E1369817-AC9B-4D7C-A6C1-77B0A7AB07E1}
		{15BDC2EF-F881-4CBC-8AC1-DD72BA625410} = {E1369817-AC9B-4D7C-A6C1-77B0A7AB07E1}
		{BF2914F8-9649-4BF6-A098-3E5942B79B5C} = {FF03921C-5825-4154-A82E-A7CDCD1F65F9}
		{85B2D323-8412-49B1-9081-70A0C0C48051} = {FF03921C-5825-4154-A82E-A7CDCD1F65F9}
		{BB8FB886-F986-4BF9-A4BE-5814E0343E78} = {FF03921C-5825-4154-A82E-A7CDCD1F65F9}
		{D5AE84AE-455C-40E5-9F1E-E15C6C559BC0} = {FF03921C-5825-4154-A82E-A7CDCD1F65F9}
		{77413BFD-890B-4DB8-B847-7BD2F50B291B} = {6D51FC51-BEE5-4C22-B3D3-17BF5EDDD864}
		{20D1A0C8-7407-4331-80A7-9B9C07CDDDFD} = {6D51FC51-BEE5-4C22-B3D3-17BF5EDDD864}
	EndGlobalSection
	GlobalSection(ExtensibilityGlobals) = postSolution
		SolutionGuid = {5C4627C2-B79E-4A1F-BFB2-690A6133E4EB}
	EndGlobalSection
EndGlobal
