
Microsoft Visual Studio Solution File, Format Version 12.00
# Visual Studio Version 16
VisualStudioVersion = 16.0.30011.22
MinimumVisualStudioVersion = 10.0.40219.1
Project("{2150E333-8FDC-42A3-9474-1A3956D46DE8}") = "Data", "Data", "{AA794B68-1EFC-4EFD-9806-8B01D13527E9}"
EndProject
Project("{2150E333-8FDC-42A3-9474-1A3956D46DE8}") = "APP", "APP", "{960EFA79-08BF-49B5-9455-D608E2D47C74}"
EndProject
Project("{2150E333-8FDC-42A3-9474-1A3956D46DE8}") = "Core", "Core", "{C8837412-0CA7-46C8-84A3-42DF0E2827E8}"
EndProject
Project("{FAE04EC0-301F-11D3-BF4B-00C04F79EFBC}") = "MiniBlog.Data", "MiniBlog.Data\MiniBlog.Data.csproj", "{7C314626-2EC8-4502-A367-9E3032320B33}"
EndProject
Project("{FAE04EC0-301F-11D3-BF4B-00C04F79EFBC}") = "MiniBlog.Data.IData", "MiniBlog.Data.IData\MiniBlog.Data.IData.csproj", "{D38D9B20-E6FB-4A3C-8130-BFC3E6300D55}"
EndProject
Project("{FAE04EC0-301F-11D3-BF4B-00C04F79EFBC}") = "MiniBlog.Data.Dto", "MiniBlog.Data.Dto\MiniBlog.Data.Dto.csproj", "{E25061EA-30D6-44AC-A3D1-FC88F37491C0}"
EndProject
Project("{FAE04EC0-301F-11D3-BF4B-00C04F79EFBC}") = "MiniBlog.Core.Service", "MiniBlog.Core.Service\MiniBlog.Core.Service.csproj", "{A9432B66-3430-44B7-BAEF-CC241F7D1C44}"
EndProject
Project("{FAE04EC0-301F-11D3-BF4B-00C04F79EFBC}") = "MiniBlog.Core.IService", "MiniBlog.Core.IService\MiniBlog.Core.IService.csproj", "{4AC877E0-AEE4-44B1-BDE6-959F9A6B3BA1}"
EndProject
Project("{FAE04EC0-301F-11D3-BF4B-00C04F79EFBC}") = "MiniBlog.Core.Plugin", "MiniBlog.Core.Plugin\MiniBlog.Core.Plugin.csproj", "{28CBBE38-CC28-49E1-902F-083982430759}"
EndProject
Project("{FAE04EC0-301F-11D3-BF4B-00C04F79EFBC}") = "MiniBlog.App.ManageUI", "MiniBlog.App.ManageUI\MiniBlog.App.ManageUI.csproj", "{330EAA80-CABF-4AF8-94EC-52ED68400F2C}"
EndProject
Project("{FAE04EC0-301F-11D3-BF4B-00C04F79EFBC}") = "MiniBlog.App.UI", "MiniBlog.App.UI\MiniBlog.App.UI.csproj", "{CC9716F3-CD99-4CBD-8FEF-05804C3AC255}"
EndProject
Project("{FAE04EC0-301F-11D3-BF4B-00C04F79EFBC}") = "MiniBlog.Core.ViewModels", "MiniBlog.Core.ViewModels\MiniBlog.Core.ViewModels.csproj", "{B7291AD7-B440-45C4-97A4-BCCEF0C829AF}"
EndProject
Global
	GlobalSection(SolutionConfigurationPlatforms) = preSolution
		Debug|Any CPU = Debug|Any CPU
		Release|Any CPU = Release|Any CPU
	EndGlobalSection
	GlobalSection(ProjectConfigurationPlatforms) = postSolution
		{7C314626-2EC8-4502-A367-9E3032320B33}.Debug|Any CPU.ActiveCfg = Debug|Any CPU
		{7C314626-2EC8-4502-A367-9E3032320B33}.Debug|Any CPU.Build.0 = Debug|Any CPU
		{7C314626-2EC8-4502-A367-9E3032320B33}.Release|Any CPU.ActiveCfg = Release|Any CPU
		{7C314626-2EC8-4502-A367-9E3032320B33}.Release|Any CPU.Build.0 = Release|Any CPU
		{D38D9B20-E6FB-4A3C-8130-BFC3E6300D55}.Debug|Any CPU.ActiveCfg = Debug|Any CPU
		{D38D9B20-E6FB-4A3C-8130-BFC3E6300D55}.Debug|Any CPU.Build.0 = Debug|Any CPU
		{D38D9B20-E6FB-4A3C-8130-BFC3E6300D55}.Release|Any CPU.ActiveCfg = Release|Any CPU
		{D38D9B20-E6FB-4A3C-8130-BFC3E6300D55}.Release|Any CPU.Build.0 = Release|Any CPU
		{E25061EA-30D6-44AC-A3D1-FC88F37491C0}.Debug|Any CPU.ActiveCfg = Debug|Any CPU
		{E25061EA-30D6-44AC-A3D1-FC88F37491C0}.Debug|Any CPU.Build.0 = Debug|Any CPU
		{E25061EA-30D6-44AC-A3D1-FC88F37491C0}.Release|Any CPU.ActiveCfg = Release|Any CPU
		{E25061EA-30D6-44AC-A3D1-FC88F37491C0}.Release|Any CPU.Build.0 = Release|Any CPU
		{A9432B66-3430-44B7-BAEF-CC241F7D1C44}.Debug|Any CPU.ActiveCfg = Debug|Any CPU
		{A9432B66-3430-44B7-BAEF-CC241F7D1C44}.Debug|Any CPU.Build.0 = Debug|Any CPU
		{A9432B66-3430-44B7-BAEF-CC241F7D1C44}.Release|Any CPU.ActiveCfg = Release|Any CPU
		{A9432B66-3430-44B7-BAEF-CC241F7D1C44}.Release|Any CPU.Build.0 = Release|Any CPU
		{4AC877E0-AEE4-44B1-BDE6-959F9A6B3BA1}.Debug|Any CPU.ActiveCfg = Debug|Any CPU
		{4AC877E0-AEE4-44B1-BDE6-959F9A6B3BA1}.Debug|Any CPU.Build.0 = Debug|Any CPU
		{4AC877E0-AEE4-44B1-BDE6-959F9A6B3BA1}.Release|Any CPU.ActiveCfg = Release|Any CPU
		{4AC877E0-AEE4-44B1-BDE6-959F9A6B3BA1}.Release|Any CPU.Build.0 = Release|Any CPU
		{28CBBE38-CC28-49E1-902F-083982430759}.Debug|Any CPU.ActiveCfg = Debug|Any CPU
		{28CBBE38-CC28-49E1-902F-083982430759}.Debug|Any CPU.Build.0 = Debug|Any CPU
		{28CBBE38-CC28-49E1-902F-083982430759}.Release|Any CPU.ActiveCfg = Release|Any CPU
		{28CBBE38-CC28-49E1-902F-083982430759}.Release|Any CPU.Build.0 = Release|Any CPU
		{330EAA80-CABF-4AF8-94EC-52ED68400F2C}.Debug|Any CPU.ActiveCfg = Debug|Any CPU
		{330EAA80-CABF-4AF8-94EC-52ED68400F2C}.Debug|Any CPU.Build.0 = Debug|Any CPU
		{330EAA80-CABF-4AF8-94EC-52ED68400F2C}.Release|Any CPU.ActiveCfg = Release|Any CPU
		{330EAA80-CABF-4AF8-94EC-52ED68400F2C}.Release|Any CPU.Build.0 = Release|Any CPU
		{CC9716F3-CD99-4CBD-8FEF-05804C3AC255}.Debug|Any CPU.ActiveCfg = Debug|Any CPU
		{CC9716F3-CD99-4CBD-8FEF-05804C3AC255}.Debug|Any CPU.Build.0 = Debug|Any CPU
		{CC9716F3-CD99-4CBD-8FEF-05804C3AC255}.Release|Any CPU.ActiveCfg = Release|Any CPU
		{CC9716F3-CD99-4CBD-8FEF-05804C3AC255}.Release|Any CPU.Build.0 = Release|Any CPU
		{B7291AD7-B440-45C4-97A4-BCCEF0C829AF}.Debug|Any CPU.ActiveCfg = Debug|Any CPU
		{B7291AD7-B440-45C4-97A4-BCCEF0C829AF}.Debug|Any CPU.Build.0 = Debug|Any CPU
		{B7291AD7-B440-45C4-97A4-BCCEF0C829AF}.Release|Any CPU.ActiveCfg = Release|Any CPU
		{B7291AD7-B440-45C4-97A4-BCCEF0C829AF}.Release|Any CPU.Build.0 = Release|Any CPU
	EndGlobalSection
	GlobalSection(SolutionProperties) = preSolution
		HideSolutionNode = FALSE
	EndGlobalSection
	GlobalSection(NestedProjects) = preSolution
		{7C314626-2EC8-4502-A367-9E3032320B33} = {AA794B68-1EFC-4EFD-9806-8B01D13527E9}
		{D38D9B20-E6FB-4A3C-8130-BFC3E6300D55} = {AA794B68-1EFC-4EFD-9806-8B01D13527E9}
		{E25061EA-30D6-44AC-A3D1-FC88F37491C0} = {AA794B68-1EFC-4EFD-9806-8B01D13527E9}
		{A9432B66-3430-44B7-BAEF-CC241F7D1C44} = {C8837412-0CA7-46C8-84A3-42DF0E2827E8}
		{4AC877E0-AEE4-44B1-BDE6-959F9A6B3BA1} = {C8837412-0CA7-46C8-84A3-42DF0E2827E8}
		{28CBBE38-CC28-49E1-902F-083982430759} = {C8837412-0CA7-46C8-84A3-42DF0E2827E8}
		{330EAA80-CABF-4AF8-94EC-52ED68400F2C} = {960EFA79-08BF-49B5-9455-D608E2D47C74}
		{CC9716F3-CD99-4CBD-8FEF-05804C3AC255} = {960EFA79-08BF-49B5-9455-D608E2D47C74}
		{B7291AD7-B440-45C4-97A4-BCCEF0C829AF} = {C8837412-0CA7-46C8-84A3-42DF0E2827E8}
	EndGlobalSection
	GlobalSection(ExtensibilityGlobals) = postSolution
		SolutionGuid = {DA2E86CD-6A54-4A23-957F-9322E698D24D}
	EndGlobalSection
EndGlobal
